{
  "name": "talk-pi",
  "version": "1.0.2",
  "lockfileVersion": 3,
  "requires": true,
  "packages": {
    "": {
      "name": "talk-pi",
      "version": "1.0.2",
      "license": "MIT",
      "dependencies": {
        "play-sound": "^1.1.6",
        "whisper-cpp-node": "^0.2.12"
      },
      "devDependencies": {
        "@types/node": "^22.15.0"
      },
      "engines": {
        "node": ">=24"
      }
    },
    "node_modules/@types/node": {
      "version": "22.19.19",
      "resolved": "https://registry.npmjs.org/@types/node/-/node-22.19.19.tgz",
      "integrity": "sha512-dyh/xO2Fh5bYrfWaaqGrRQQGkNdmYw6AmaAUvYeUMNTWQtvb796ikLdmTchRmOlOiIJ1TDXfWgVx1QkUlQ6Hew==",
      "dev": true,
      "license": "MIT",
      "dependencies": {
        "undici-types": "~6.21.0"
      }
    },
    "node_modules/@whisper-cpp-node/darwin-arm64": {
      "version": "0.2.12",
      "resolved": "https://registry.npmjs.org/@whisper-cpp-node/darwin-arm64/-/darwin-arm64-0.2.12.tgz",
      "integrity": "sha512-8sQE1pNzi/Osy1OfGMLes9Mwc5hWh59u2lJWKyM4HVLTl6h9LIb44bZINtgmlwUKVxECIpzQ7VnCKyY6eWJOnQ==",
      "cpu": [
        "arm64"
      ],
      "license": "MIT",
      "optional": true,
      "os": [
        "darwin"
      ]
    },
    "node_modules/@whisper-cpp-node/win32-ia32": {
      "version": "0.2.7",
      "resolved": "https://registry.npmjs.org/@whisper-cpp-node/win32-ia32/-/win32-ia32-0.2.7.tgz",
      "integrity": "sha512-L3D7Kpi76yBGXOXkHcVCye6jcINyg4R6eis8MhC08bCVbojamTEbEtoUD7XYcLPXX1KJxrm51DO0uzhVsRgOlQ==",
      "cpu": [
        "ia32"
      ],
      "license": "MIT",
      "optional": true,
      "os": [
        "win32"
      ]
    },
    "node_modules/@whisper-cpp-node/win32-x64": {
      "version": "0.2.11",
      "resolved": "https://registry.npmjs.org/@whisper-cpp-node/win32-x64/-/win32-x64-0.2.11.tgz",
      "integrity": "sha512-MTVwIoJ/lMz53jZIT0XHQu9/38Vg/Kp+khcOKEyfQmXMf+m5VR8kn1Pr3Y/nMkQo6H9EojTmOArgR7BjrcADMg==",
      "cpu": [
        "x64"
      ],
      "license": "MIT",
      "optional": true,
      "os": [
        "win32"
      ]
    },
    "node_modules/find-exec": {
      "version": "1.0.3",
      "resolved": "https://registry.npmjs.org/find-exec/-/find-exec-1.0.3.tgz",
      "integrity": "sha512-gnG38zW90mS8hm5smNcrBnakPEt+cGJoiMkJwCU0IYnEb0H2NQk0NIljhNW+48oniCriFek/PH6QXbwsJo/qug==",
      "license": "MIT",
      "dependencies": {
        "shell-quote": "^1.8.1"
      }
    },
    "node_modules/play-sound": {
      "version": "1.1.6",
      "resolved": "https://registry.npmjs.org/play-sound/-/play-sound-1.1.6.tgz",
      "integrity": "sha512-09eO4QiXNFXJffJaOW5P6x6F5RLihpLUkXttvUZeWml0fU6x6Zp7AjG9zaeMpgH2ZNvq4GR1ytB22ddYcqJIZA==",
      "license": "MIT",
      "dependencies": {
        "find-exec": "1.0.3"
      }
    },
    "node_modules/shell-quote": {
      "version": "1.8.4",
      "resolved": "https://registry.npmjs.org/shell-quote/-/shell-quote-1.8.4.tgz",
      "integrity": "sha512-VsC6n6vz1ihYYyZZwX7YZSF5l5x36ca17OC+a69h94YqB7X6XLwf+5MOgynYir2SLFUbl8gIYvBo8K8RoNQ6bQ==",
      "license": "MIT",
      "engines": {
        "node": ">= 0.4"
      },
      "funding": {
        "url": "https://github.com/sponsors/ljharb"
      }
    },
    "node_modules/undici-types": {
      "version": "6.21.0",
      "resolved": "https://registry.npmjs.org/undici-types/-/undici-types-6.21.0.tgz",
      "integrity": "sha512-iwDZqg0QAGrg9Rav5H4n0M64c3mkR59cJ6wQp+7C4nI0gsmExaedaYLNO44eT4AtBBwjbTiGPMlt2Md0T9H9JQ==",
      "dev": true,
      "license": "MIT"
    },
    "node_modules/whisper-cpp-node": {
      "version": "0.2.12",
      "resolved": "https://registry.npmjs.org/whisper-cpp-node/-/whisper-cpp-node-0.2.12.tgz",
      "integrity": "sha512-Y9cO+WJyzjcGOxFEEUiZETOVX3PBEmWsFHceAdjX7pprWxVibleTFgxItnHcvsu4CK26kURsgAJzC+wAnM/ElA==",
      "license": "MIT",
      "engines": {
        "node": ">=18.0.0"
      },
      "optionalDependencies": {
        "@whisper-cpp-node/darwin-arm64": "0.2.12",
        "@whisper-cpp-node/win32-ia32": "0.2.7",
        "@whisper-cpp-node/win32-x64": "0.2.11"
      }
    }
  }
}
